{
  "object": {
    "pins": [
      {
        "package": "GHODictionary",
        "repositoryURL": "https://github.com/gabriel/GHODictionary",
        "state": {
          "branch": null,
          "revision": "a67b9df6dfc6e6af3910d104fd9900e15dc15de9",
          "version": "1.2.0"
        }
      }
    ]
  },
  "version": 1
}
